{
	"name": "lsp-sample-server",
	"version": "1.0.0",
	"lockfileVersion": 1,
	"requires": true,
	"dependencies": {
		"vscode-jsonrpc": {
			"version": "4.0.0",
			"resolved": "https://repo.dev.wixpress.com/artifactory/api/npm/npm-repos/vscode-jsonrpc/-/vscode-jsonrpc-4.0.0.tgz",
			"integrity": "sha1-p7907zJU0KDCcvqxXIISjjeLO+k="
		},
		"vscode-languageserver": {
			"version": "4.4.2",
			"resolved": "https://repo.dev.wixpress.com/artifactory/api/npm/npm-repos/vscode-languageserver/-/vscode-languageserver-4.4.2.tgz",
			"integrity": "sha1-YArpzHpv8ehNk8eAeEDCy1sighs=",
			"requires": {
				"vscode-languageserver-protocol": "3.14.1",
				"vscode-uri": "1.0.8"
			}
		},
		"vscode-languageserver-protocol": {
			"version": "3.14.1",
			"resolved": "https://repo.dev.wixpress.com/artifactory/api/npm/npm-repos/vscode-languageserver-protocol/-/vscode-languageserver-protocol-3.14.1.tgz",
			"integrity": "sha1-uKq2r64oSchKiYPTmhz3QkF6/i8=",
			"requires": {
				"vscode-jsonrpc": "4.0.0",
				"vscode-languageserver-types": "3.14.0"
			}
		},
		"vscode-languageserver-types": {
			"version": "3.14.0",
			"resolved": "https://repo.dev.wixpress.com/artifactory/api/npm/npm-repos/vscode-languageserver-types/-/vscode-languageserver-types-3.14.0.tgz",
			"integrity": "sha1-07WVIkbTDlJBWStt3oKA4DlC50M="
		},
		"vscode-uri": {
			"version": "1.0.8",
			"resolved": "https://repo.dev.wixpress.com/artifactory/api/npm/npm-repos/vscode-uri/-/vscode-uri-1.0.8.tgz",
			"integrity": "sha1-l2mq7OyuQCb7biI1nLOJRlgN7Vk="
		}
	}
}
